
Microsoft Visual Studio Solution File, Format Version 12.00
# Visual Studio Version 17
VisualStudioVersion = 17.0.32112.339
MinimumVisualStudioVersion = 10.0.40219.1
Project("{9A19103F-16F7-4668-BE54-9A1E7A4F7556}") = "HelloNet5", "Ch01Hello\HelloNet5\HelloNet5.csproj", "{79E7C01F-EA2F-4B9A-AA34-700037D74328}"
EndProject
Project("{2150E333-8FDC-42A3-9474-1A3956D46DE8}") = "Ch01Hello", "Ch01Hello", "{16F1A2F2-1B57-4A12-80F2-AB5399A23A1E}"
EndProject
Project("{9A19103F-16F7-4668-BE54-9A1E7A4F7556}") = "TopLevelNet6", "Ch01Hello\TopLevelNet6\TopLevelNet6.csproj", "{F09B6C89-0FC7-47CA-85FB-3FD15A466E70}"
EndProject
Project("{2150E333-8FDC-42A3-9474-1A3956D46DE8}") = "Ch02Grammar", "Ch02Grammar", "{C416FDDF-40D7-467D-8DCC-4AD14B14760E}"
EndProject
Project("{9A19103F-16F7-4668-BE54-9A1E7A4F7556}") = "Vocabulary", "Ch02Grammar\Vocabulary\Vocabulary.csproj", "{47FFB271-D00A-4F72-AAA2-1306BF2B3771}"
EndProject
Project("{9A19103F-16F7-4668-BE54-9A1E7A4F7556}") = "Variables", "Ch02Grammar\Variables\Variables.csproj", "{B69822FA-0EB4-4491-A1A9-1EBD1FE8F7F5}"
EndProject
Project("{9A19103F-16F7-4668-BE54-9A1E7A4F7556}") = "Formatting", "Ch02Grammar\Formatting\Formatting.csproj", "{D8B4CC97-709C-46D3-9CBD-69F11B3F8B5F}"
EndProject
Project("{9A19103F-16F7-4668-BE54-9A1E7A4F7556}") = "Arguments", "Ch02Grammar\Arguments\Arguments.csproj", "{E85D4832-5EB3-4507-81D4-A623F13CDA79}"
EndProject
Project("{FAE04EC0-301F-11D3-BF4B-00C04F79EFBC}") = "Exercise02", "Ch02Grammar\Exercise02\Exercise02.csproj", "{E05BAC8F-01CA-4B1B-9D28-0ECB40CCF1F8}"
EndProject
Global
	GlobalSection(SolutionConfigurationPlatforms) = preSolution
		Debug|Any CPU = Debug|Any CPU
		Release|Any CPU = Release|Any CPU
	EndGlobalSection
	GlobalSection(ProjectConfigurationPlatforms) = postSolution
		{79E7C01F-EA2F-4B9A-AA34-700037D74328}.Debug|Any CPU.ActiveCfg = Debug|Any CPU
		{79E7C01F-EA2F-4B9A-AA34-700037D74328}.Debug|Any CPU.Build.0 = Debug|Any CPU
		{79E7C01F-EA2F-4B9A-AA34-700037D74328}.Release|Any CPU.ActiveCfg = Release|Any CPU
		{79E7C01F-EA2F-4B9A-AA34-700037D74328}.Release|Any CPU.Build.0 = Release|Any CPU
		{F09B6C89-0FC7-47CA-85FB-3FD15A466E70}.Debug|Any CPU.ActiveCfg = Debug|Any CPU
		{F09B6C89-0FC7-47CA-85FB-3FD15A466E70}.Debug|Any CPU.Build.0 = Debug|Any CPU
		{F09B6C89-0FC7-47CA-85FB-3FD15A466E70}.Release|Any CPU.ActiveCfg = Release|Any CPU
		{F09B6C89-0FC7-47CA-85FB-3FD15A466E70}.Release|Any CPU.Build.0 = Release|Any CPU
		{47FFB271-D00A-4F72-AAA2-1306BF2B3771}.Debug|Any CPU.ActiveCfg = Debug|Any CPU
		{47FFB271-D00A-4F72-AAA2-1306BF2B3771}.Debug|Any CPU.Build.0 = Debug|Any CPU
		{47FFB271-D00A-4F72-AAA2-1306BF2B3771}.Release|Any CPU.ActiveCfg = Release|Any CPU
		{47FFB271-D00A-4F72-AAA2-1306BF2B3771}.Release|Any CPU.Build.0 = Release|Any CPU
		{B69822FA-0EB4-4491-A1A9-1EBD1FE8F7F5}.Debug|Any CPU.ActiveCfg = Debug|Any CPU
		{B69822FA-0EB4-4491-A1A9-1EBD1FE8F7F5}.Debug|Any CPU.Build.0 = Debug|Any CPU
		{B69822FA-0EB4-4491-A1A9-1EBD1FE8F7F5}.Release|Any CPU.ActiveCfg = Release|Any CPU
		{B69822FA-0EB4-4491-A1A9-1EBD1FE8F7F5}.Release|Any CPU.Build.0 = Release|Any CPU
		{D8B4CC97-709C-46D3-9CBD-69F11B3F8B5F}.Debug|Any CPU.ActiveCfg = Debug|Any CPU
		{D8B4CC97-709C-46D3-9CBD-69F11B3F8B5F}.Debug|Any CPU.Build.0 = Debug|Any CPU
		{D8B4CC97-709C-46D3-9CBD-69F11B3F8B5F}.Release|Any CPU.ActiveCfg = Release|Any CPU
		{D8B4CC97-709C-46D3-9CBD-69F11B3F8B5F}.Release|Any CPU.Build.0 = Release|Any CPU
		{E85D4832-5EB3-4507-81D4-A623F13CDA79}.Debug|Any CPU.ActiveCfg = Debug|Any CPU
		{E85D4832-5EB3-4507-81D4-A623F13CDA79}.Debug|Any CPU.Build.0 = Debug|Any CPU
		{E85D4832-5EB3-4507-81D4-A623F13CDA79}.Release|Any CPU.ActiveCfg = Release|Any CPU
		{E85D4832-5EB3-4507-81D4-A623F13CDA79}.Release|Any CPU.Build.0 = Release|Any CPU
		{E05BAC8F-01CA-4B1B-9D28-0ECB40CCF1F8}.Debug|Any CPU.ActiveCfg = Debug|Any CPU
		{E05BAC8F-01CA-4B1B-9D28-0ECB40CCF1F8}.Debug|Any CPU.Build.0 = Debug|Any CPU
		{E05BAC8F-01CA-4B1B-9D28-0ECB40CCF1F8}.Release|Any CPU.ActiveCfg = Release|Any CPU
		{E05BAC8F-01CA-4B1B-9D28-0ECB40CCF1F8}.Release|Any CPU.Build.0 = Release|Any CPU
	EndGlobalSection
	GlobalSection(SolutionProperties) = preSolution
		HideSolutionNode = FALSE
	EndGlobalSection
	GlobalSection(NestedProjects) = preSolution
		{79E7C01F-EA2F-4B9A-AA34-700037D74328} = {16F1A2F2-1B57-4A12-80F2-AB5399A23A1E}
		{F09B6C89-0FC7-47CA-85FB-3FD15A466E70} = {16F1A2F2-1B57-4A12-80F2-AB5399A23A1E}
		{47FFB271-D00A-4F72-AAA2-1306BF2B3771} = {C416FDDF-40D7-467D-8DCC-4AD14B14760E}
		{B69822FA-0EB4-4491-A1A9-1EBD1FE8F7F5} = {C416FDDF-40D7-467D-8DCC-4AD14B14760E}
		{D8B4CC97-709C-46D3-9CBD-69F11B3F8B5F} = {C416FDDF-40D7-467D-8DCC-4AD14B14760E}
		{E85D4832-5EB3-4507-81D4-A623F13CDA79} = {C416FDDF-40D7-467D-8DCC-4AD14B14760E}
		{E05BAC8F-01CA-4B1B-9D28-0ECB40CCF1F8} = {C416FDDF-40D7-467D-8DCC-4AD14B14760E}
	EndGlobalSection
	GlobalSection(ExtensibilityGlobals) = postSolution
		SolutionGuid = {CAC2F399-09C1-424D-BD39-E94556226C03}
	EndGlobalSection
EndGlobal
